github.com/DATA-DOG/go-sqlmock v1.5.0 h1:Shsta01QNfFxHCfpW6YH2STWB0MudeXXEWMr20OEh60=
github.com/DATA-DOG/go-sqlmock v1.5.0/go.mod h1:f/Ixk793poVmq4qj/V1dPUg2JEAKC73Q5eFN3EC/SaM=
golang.org/x/exp v0.0.0-20230713183714-613f0c0eb8a1 h1:MGwJjxBy0HJshjDNfLsYO8xppfqWlA5ZT9OhtUUhTNw=
golang.org/x/exp v0.0.0-20230713183714-613f0c0eb8a1/go.mod h1:FXUEEKJgO7OQYeo8N01OfiKP8RXMtf6e8aTskBGqWdc=
